// !$*UTF8*$!
{
	archiveVersion = 1;
	classes = {
	};
	objectVersion = 56;
	objects = {

/* Begin PBXBuildFile section */
		4C66CC132B4DA2D5004D5FF3 /* AppDelegate.swift in Sources */ = {isa = PBXBuildFile; fileRef = 4C66CC122B4DA2D5004D5FF3 /* AppDelegate.swift */; };
		4C66CC152B4DA2D5004D5FF3 /* SceneDelegate.swift in Sources */ = {isa = PBXBuildFile; fileRef = 4C66CC142B4DA2D5004D5FF3 /* SceneDelegate.swift */; };
		4C66CC172B4DA2D5004D5FF3 /* ViewController.swift in Sources */ = {isa = PBXBuildFile; fileRef = 4C66CC162B4DA2D5004D5FF3 /* ViewController.swift */; };
		4C66CC1A2B4DA2D5004D5FF3 /* Main.storyboard in Resources */ = {isa = PBXBuildFile; fileRef = 4C66CC182B4DA2D5004D5FF3 /* Main.storyboard */; };
		4C66CC1C2B4DA2D6004D5FF3 /* Assets.xcassets in Resources */ = {isa = PBXBuildFile; fileRef = 4C66CC1B2B4DA2D6004D5FF3 /* Assets.xcassets */; };
		4C66CC1F2B4DA2D6004D5FF3 /* LaunchScreen.storyboard in Resources */ = {isa = PBXBuildFile; fileRef = 4C66CC1D2B4DA2D6004D5FF3 /* LaunchScreen.storyboard */; };
		4C6ADD0E2B4E96F20087971C /* SF-Pro-Rounded-Bold.otf in Resources */ = {isa = PBXBuildFile; fileRef = 4C66CC3F2B4DB238004D5FF3 /* SF-Pro-Rounded-Bold.otf */; };
		4C6ADD0F2B4E96F90087971C /* SF-Pro.ttf in Resources */ = {isa = PBXBuildFile; fileRef = 4C66CC6F2B4DB238004D5FF3 /* SF-Pro.ttf */; };
/* End PBXBuildFile section */

/* Begin PBXFileReference section */
		4C66CC0F2B4DA2D5004D5FF3 /* SplitBill.app */ = {isa = PBXFileReference; explicitFileType = wrapper.application; includeInIndex = 0; path = SplitBill.app; sourceTree = BUILT_PRODUCTS_DIR; };
		4C66CC122B4DA2D5004D5FF3 /* AppDelegate.swift */ = {isa = PBXFileReference; lastKnownFileType = sourcecode.swift; path = AppDelegate.swift; sourceTree = "<group>"; };
		4C66CC142B4DA2D5004D5FF3 /* SceneDelegate.swift */ = {isa = PBXFileReference; lastKnownFileType = sourcecode.swift; path = SceneDelegate.swift; sourceTree = "<group>"; };
		4C66CC162B4DA2D5004D5FF3 /* ViewController.swift */ = {isa = PBXFileReference; lastKnownFileType = sourcecode.swift; path = ViewController.swift; sourceTree = "<group>"; };
		4C66CC192B4DA2D5004D5FF3 /* Base */ = {isa = PBXFileReference; lastKnownFileType = file.storyboard; name = Base; path = Base.lproj/Main.storyboard; sourceTree = "<group>"; };
		4C66CC1B2B4DA2D6004D5FF3 /* Assets.xcassets */ = {isa = PBXFileReference; lastKnownFileType = folder.assetcatalog; path = Assets.xcassets; sourceTree = "<group>"; };
		4C66CC1E2B4DA2D6004D5FF3 /* Base */ = {isa = PBXFileReference; lastKnownFileType = file.storyboard; name = Base; path = Base.lproj/LaunchScreen.storyboard; sourceTree = "<group>"; };
		4C66CC202B4DA2D6004D5FF3 /* Info.plist */ = {isa = PBXFileReference; lastKnownFileType = text.plist.xml; path = Info.plist; sourceTree = "<group>"; };
		4C66CC272B4DB238004D5FF3 /* SF-Pro-Text-ThinItalic.otf */ = {isa = PBXFileReference; lastKnownFileType = file; name = "SF-Pro-Text-ThinItalic.otf"; path = "../../../../../../../Library/Fonts/SF-Pro-Text-ThinItalic.otf"; sourceTree = "<group>"; };
		4C66CC282B4DB238004D5FF3 /* SF-Compact-Text-BoldItalic.otf */ = {isa = PBXFileReference; lastKnownFileType = file; name = "SF-Compact-Text-BoldItalic.otf"; path = "../../../../../../../Library/Fonts/SF-Compact-Text-BoldItalic.otf"; sourceTree = "<group>"; };
		4C66CC292B4DB238004D5FF3 /* SF-Compact-Text-LightItalic.otf */ = {isa = PBXFileReference; lastKnownFileType = file; name = "SF-Compact-Text-LightItalic.otf"; path = "../../../../../../../Library/Fonts/SF-Compact-Text-LightItalic.otf"; sourceTree = "<group>"; };
		4C66CC2A2B4DB238004D5FF3 /* SF-Pro-Text-SemiboldItalic.otf */ = {isa = PBXFileReference; lastKnownFileType = file; name = "SF-Pro-Text-SemiboldItalic.otf"; path = "../../../../../../../Library/Fonts/SF-Pro-Text-SemiboldItalic.otf"; sourceTree = "<group>"; };
		4C66CC2B2B4DB238004D5FF3 /* SF-Compact-Text-Light.otf */ = {isa = PBXFileReference; lastKnownFileType = file; name = "SF-Compact-Text-Light.otf"; path = "../../../../../../../Library/Fonts/SF-Compact-Text-Light.otf"; sourceTree = "<group>"; };
		4C66CC2C2B4DB238004D5FF3 /* SF-Pro-Display-Regular.otf */ = {isa = PBXFileReference; lastKnownFileType = file; name = "SF-Pro-Display-Regular.otf"; path = "../../../../../../../Library/Fonts/SF-Pro-Display-Regular.otf"; sourceTree = "<group>"; };
		4C66CC2D2B4DB238004D5FF3 /* SF-Compact-Text-Ultralight.otf */ = {isa = PBXFileReference; lastKnownFileType = file; name = "SF-Compact-Text-Ultralight.otf"; path = "../../../../../../../Library/Fonts/SF-Compact-Text-Ultralight.otf"; sourceTree = "<group>"; };
		4C66CC2E2B4DB238004D5FF3 /* SF-Compact-Text-UltralightItalic.otf */ = {isa = PBXFileReference; lastKnownFileType = file; name = "SF-Compact-Text-UltralightItalic.otf"; path = "../../../../../../../Library/Fonts/SF-Compact-Text-UltralightItalic.otf"; sourceTree = "<group>"; };
		4C66CC2F2B4DB238004D5FF3 /* SF-Compact-Italic.ttf */ = {isa = PBXFileReference; lastKnownFileType = file; name = "SF-Compact-Italic.ttf"; path = "../../../../../../../Library/Fonts/SF-Compact-Italic.ttf"; sourceTree = "<group>"; };
		4C66CC302B4DB238004D5FF3 /* SF-Pro-Text-Heavy.otf */ = {isa = PBXFileReference; lastKnownFileType = file; name = "SF-Pro-Text-Heavy.otf"; path = "../../../../../../../Library/Fonts/SF-Pro-Text-Heavy.otf"; sourceTree = "<group>"; };
		4C66CC312B4DB238004D5FF3 /* SF-Compact-Display-Ultralight.otf */ = {isa = PBXFileReference; lastKnownFileType = file; name = "SF-Compact-Display-Ultralight.otf"; path = "../../../../../../../Library/Fonts/SF-Compact-Display-Ultralight.otf"; sourceTree = "<group>"; };
		4C66CC322B4DB238004D5FF3 /* SF-Compact-Rounded-Bold.otf */ = {isa = PBXFileReference; lastKnownFileType = file; name = "SF-Compact-Rounded-Bold.otf"; path = "../../../../../../../Library/Fonts/SF-Compact-Rounded-Bold.otf"; sourceTree = "<group>"; };
		4C66CC332B4DB238004D5FF3 /* SF-Compact-Text-RegularItalic.otf */ = {isa = PBXFileReference; lastKnownFileType = file; name = "SF-Compact-Text-RegularItalic.otf"; path = "../../../../../../../Library/Fonts/SF-Compact-Text-RegularItalic.otf"; sourceTree = "<group>"; };
		4C66CC342B4DB238004D5FF3 /* SF-Compact-Rounded-Ultralight.otf */ = {isa = PBXFileReference; lastKnownFileType = file; name = "SF-Compact-Rounded-Ultralight.otf"; path = "../../../../../../../Library/Fonts/SF-Compact-Rounded-Ultralight.otf"; sourceTree = "<group>"; };
		4C66CC352B4DB238004D5FF3 /* SF-Compact-Display-Medium.otf */ = {isa = PBXFileReference; lastKnownFileType = file; name = "SF-Compact-Display-Medium.otf"; path = "../../../../../../../Library/Fonts/SF-Compact-Display-Medium.otf"; sourceTree = "<group>"; };
		4C66CC362B4DB238004D5FF3 /* SF-Compact-Display-Light.otf */ = {isa = PBXFileReference; lastKnownFileType = file; name = "SF-Compact-Display-Light.otf"; path = "../../../../../../../Library/Fonts/SF-Compact-Display-Light.otf"; sourceTree = "<group>"; };
		4C66CC372B4DB238004D5FF3 /* SF-Pro-Text-BoldItalic.otf */ = {isa = PBXFileReference; lastKnownFileType = file; name = "SF-Pro-Text-BoldItalic.otf"; path = "../../../../../../../Library/Fonts/SF-Pro-Text-BoldItalic.otf"; sourceTree = "<group>"; };
		4C66CC382B4DB238004D5FF3 /* SF-Pro-Text-BlackItalic.otf */ = {isa = PBXFileReference; lastKnownFileType = file; name = "SF-Pro-Text-BlackItalic.otf"; path = "../../../../../../../Library/Fonts/SF-Pro-Text-BlackItalic.otf"; sourceTree = "<group>"; };
		4C66CC392B4DB238004D5FF3 /* SF-Pro-Text-Black.otf */ = {isa = PBXFileReference; lastKnownFileType = file; name = "SF-Pro-Text-Black.otf"; path = "../../../../../../../Library/Fonts/SF-Pro-Text-Black.otf"; sourceTree = "<group>"; };
		4C66CC3A2B4DB238004D5FF3 /* SF-Compact-Text-HeavyItalic.otf */ = {isa = PBXFileReference; lastKnownFileType = file; name = "SF-Compact-Text-HeavyItalic.otf"; path = "../../../../../../../Library/Fonts/SF-Compact-Text-HeavyItalic.otf"; sourceTree = "<group>"; };
		4C66CC3B2B4DB238004D5FF3 /* SF-Compact-Text-Regular.otf */ = {isa = PBXFileReference; lastKnownFileType = file; name = "SF-Compact-Text-Regular.otf"; path = "../../../../../../../Library/Fonts/SF-Compact-Text-Regular.otf"; sourceTree = "<group>"; };
		4C66CC3C2B4DB238004D5FF3 /* SF-Compact-Text-Heavy.otf */ = {isa = PBXFileReference; lastKnownFileType = file; name = "SF-Compact-Text-Heavy.otf"; path = "../../../../../../../Library/Fonts/SF-Compact-Text-Heavy.otf"; sourceTree = "<group>"; };
		4C66CC3D2B4DB238004D5FF3 /* SF-Pro-Display-UltralightItalic.otf */ = {isa = PBXFileReference; lastKnownFileType = file; name = "SF-Pro-Display-UltralightItalic.otf"; path = "../../../../../../../Library/Fonts/SF-Pro-Display-UltralightItalic.otf"; sourceTree = "<group>"; };
		4C66CC3E2B4DB238004D5FF3 /* SF-Pro-Display-Bold.otf */ = {isa = PBXFileReference; lastKnownFileType = file; name = "SF-Pro-Display-Bold.otf"; path = "../../../../../../../Library/Fonts/SF-Pro-Display-Bold.otf"; sourceTree = "<group>"; };
		4C66CC3F2B4DB238004D5FF3 /* SF-Pro-Rounded-Bold.otf */ = {isa = PBXFileReference; lastKnownFileType = file; name = "SF-Pro-Rounded-Bold.otf"; path = "../../../../../../../Library/Fonts/SF-Pro-Rounded-Bold.otf"; sourceTree = "<group>"; };
		4C66CC402B4DB238004D5FF3 /* SF-Pro-Text-LightItalic.otf */ = {isa = PBXFileReference; lastKnownFileType = file; name = "SF-Pro-Text-LightItalic.otf"; path = "../../../../../../../Library/Fonts/SF-Pro-Text-LightItalic.otf"; sourceTree = "<group>"; };
		4C66CC412B4DB238004D5FF3 /* SF-Pro-Display-BoldItalic.otf */ = {isa = PBXFileReference; lastKnownFileType = file; name = "SF-Pro-Display-BoldItalic.otf"; path = "../../../../../../../Library/Fonts/SF-Pro-Display-BoldItalic.otf"; sourceTree = "<group>"; };
		4C66CC422B4DB238004D5FF3 /* SF-Pro-Display-BlackItalic.otf */ = {isa = PBXFileReference; lastKnownFileType = file; name = "SF-Pro-Display-BlackItalic.otf"; path = "../../../../../../../Library/Fonts/SF-Pro-Display-BlackItalic.otf"; sourceTree = "<group>"; };
		4C66CC432B4DB238004D5FF3 /* SF-Pro-Text-UltralightItalic.otf */ = {isa = PBXFileReference; lastKnownFileType = file; name = "SF-Pro-Text-UltralightItalic.otf"; path = "../../../../../../../Library/Fonts/SF-Pro-Text-UltralightItalic.otf"; sourceTree = "<group>"; };
		4C66CC442B4DB238004D5FF3 /* SF-Pro-Display-LightItalic.otf */ = {isa = PBXFileReference; lastKnownFileType = file; name = "SF-Pro-Display-LightItalic.otf"; path = "../../../../../../../Library/Fonts/SF-Pro-Display-LightItalic.otf"; sourceTree = "<group>"; };
		4C66CC452B4DB238004D5FF3 /* SF-Pro-Display-ThinItalic.otf */ = {isa = PBXFileReference; lastKnownFileType = file; name = "SF-Pro-Display-ThinItalic.otf"; path = "../../../../../../../Library/Fonts/SF-Pro-Display-ThinItalic.otf"; sourceTree = "<group>"; };
		4C66CC462B4DB238004D5FF3 /* SF-Compact.ttf */ = {isa = PBXFileReference; lastKnownFileType = file; name = "SF-Compact.ttf"; path = "../../../../../../../Library/Fonts/SF-Compact.ttf"; sourceTree = "<group>"; };
		4C66CC472B4DB238004D5FF3 /* SF-Pro-Rounded-Black.otf */ = {isa = PBXFileReference; lastKnownFileType = file; name = "SF-Pro-Rounded-Black.otf"; path = "../../../../../../../Library/Fonts/SF-Pro-Rounded-Black.otf"; sourceTree = "<group>"; };
		4C66CC482B4DB238004D5FF3 /* SF-Pro-Rounded-Regular.otf */ = {isa = PBXFileReference; lastKnownFileType = file; name = "SF-Pro-Rounded-Regular.otf"; path = "../../../../../../../Library/Fonts/SF-Pro-Rounded-Regular.otf"; sourceTree = "<group>"; };
		4C66CC492B4DB238004D5FF3 /* SF-Pro-Text-Thin.otf */ = {isa = PBXFileReference; lastKnownFileType = file; name = "SF-Pro-Text-Thin.otf"; path = "../../../../../../../Library/Fonts/SF-Pro-Text-Thin.otf"; sourceTree = "<group>"; };
		4C66CC4A2B4DB238004D5FF3 /* SF-Pro-Display-Light.otf */ = {isa = PBXFileReference; lastKnownFileType = file; name = "SF-Pro-Display-Light.otf"; path = "../../../../../../../Library/Fonts/SF-Pro-Display-Light.otf"; sourceTree = "<group>"; };
		4C66CC4B2B4DB238004D5FF3 /* SF-Compact-Rounded-Thin.otf */ = {isa = PBXFileReference; lastKnownFileType = file; name = "SF-Compact-Rounded-Thin.otf"; path = "../../../../../../../Library/Fonts/SF-Compact-Rounded-Thin.otf"; sourceTree = "<group>"; };
		4C66CC4C2B4DB238004D5FF3 /* SF-Pro-Display-Heavy.otf */ = {isa = PBXFileReference; lastKnownFileType = file; name = "SF-Pro-Display-Heavy.otf"; path = "../../../../../../../Library/Fonts/SF-Pro-Display-Heavy.otf"; sourceTree = "<group>"; };
		4C66CC4D2B4DB238004D5FF3 /* SF-Pro-Rounded-Semibold.otf */ = {isa = PBXFileReference; lastKnownFileType = file; name = "SF-Pro-Rounded-Semibold.otf"; path = "../../../../../../../Library/Fonts/SF-Pro-Rounded-Semibold.otf"; sourceTree = "<group>"; };
		4C66CC4E2B4DB238004D5FF3 /* SF-Compact-Text-Semibold.otf */ = {isa = PBXFileReference; lastKnownFileType = file; name = "SF-Compact-Text-Semibold.otf"; path = "../../../../../../../Library/Fonts/SF-Compact-Text-Semibold.otf"; sourceTree = "<group>"; };
		4C66CC4F2B4DB238004D5FF3 /* SF-Pro-Display-Thin.otf */ = {isa = PBXFileReference; lastKnownFileType = file; name = "SF-Pro-Display-Thin.otf"; path = "../../../../../../../Library/Fonts/SF-Pro-Display-Thin.otf"; sourceTree = "<group>"; };
		4C66CC502B4DB238004D5FF3 /* SF-Pro-Text-Semibold.otf */ = {isa = PBXFileReference; lastKnownFileType = file; name = "SF-Pro-Text-Semibold.otf"; path = "../../../../../../../Library/Fonts/SF-Pro-Text-Semibold.otf"; sourceTree = "<group>"; };
		4C66CC512B4DB238004D5FF3 /* SF-Pro-Rounded-Thin.otf */ = {isa = PBXFileReference; lastKnownFileType = file; name = "SF-Pro-Rounded-Thin.otf"; path = "../../../../../../../Library/Fonts/SF-Pro-Rounded-Thin.otf"; sourceTree = "<group>"; };
		4C66CC522B4DB238004D5FF3 /* SF-Pro-Rounded-Ultralight.otf */ = {isa = PBXFileReference; lastKnownFileType = file; name = "SF-Pro-Rounded-Ultralight.otf"; path = "../../../../../../../Library/Fonts/SF-Pro-Rounded-Ultralight.otf"; sourceTree = "<group>"; };
		4C66CC532B4DB238004D5FF3 /* SF-Compact-Text-Bold.otf */ = {isa = PBXFileReference; lastKnownFileType = file; name = "SF-Compact-Text-Bold.otf"; path = "../../../../../../../Library/Fonts/SF-Compact-Text-Bold.otf"; sourceTree = "<group>"; };
		4C66CC542B4DB238004D5FF3 /* SF-Compact-Display-Regular.otf */ = {isa = PBXFileReference; lastKnownFileType = file; name = "SF-Compact-Display-Regular.otf"; path = "../../../../../../../Library/Fonts/SF-Compact-Display-Regular.otf"; sourceTree = "<group>"; };
		4C66CC552B4DB238004D5FF3 /* SF-Compact-Rounded-Semibold.otf */ = {isa = PBXFileReference; lastKnownFileType = file; name = "SF-Compact-Rounded-Semibold.otf"; path = "../../../../../../../Library/Fonts/SF-Compact-Rounded-Semibold.otf"; sourceTree = "<group>"; };
		4C66CC562B4DB238004D5FF3 /* SF-Compact-Text-ThinItalic.otf */ = {isa = PBXFileReference; lastKnownFileType = file; name = "SF-Compact-Text-ThinItalic.otf"; path = "../../../../../../../Library/Fonts/SF-Compact-Text-ThinItalic.otf"; sourceTree = "<group>"; };
		4C66CC572B4DB238004D5FF3 /* SF-Pro-Display-Black.otf */ = {isa = PBXFileReference; lastKnownFileType = file; name = "SF-Pro-Display-Black.otf"; path = "../../../../../../../Library/Fonts/SF-Pro-Display-Black.otf"; sourceTree = "<group>"; };
		4C66CC582B4DB238004D5FF3 /* SF-Compact-Text-Thin.otf */ = {isa = PBXFileReference; lastKnownFileType = file; name = "SF-Compact-Text-Thin.otf"; path = "../../../../../../../Library/Fonts/SF-Compact-Text-Thin.otf"; sourceTree = "<group>"; };
		4C66CC592B4DB238004D5FF3 /* SF-Compact-Display-Thin.otf */ = {isa = PBXFileReference; lastKnownFileType = file; name = "SF-Compact-Display-Thin.otf"; path = "../../../../../../../Library/Fonts/SF-Compact-Display-Thin.otf"; sourceTree = "<group>"; };
		4C66CC5A2B4DB238004D5FF3 /* SF-Pro-Text-Regular.otf */ = {isa = PBXFileReference; lastKnownFileType = file; name = "SF-Pro-Text-Regular.otf"; path = "../../../../../../../Library/Fonts/SF-Pro-Text-Regular.otf"; sourceTree = "<group>"; };
		4C66CC5B2B4DB238004D5FF3 /* SF-Pro-Display-Semibold.otf */ = {isa = PBXFileReference; lastKnownFileType = file; name = "SF-Pro-Display-Semibold.otf"; path = "../../../../../../../Library/Fonts/SF-Pro-Display-Semibold.otf"; sourceTree = "<group>"; };
		4C66CC5C2B4DB238004D5FF3 /* SF-Compact-Text-SemiboldItalic.otf */ = {isa = PBXFileReference; lastKnownFileType = file; name = "SF-Compact-Text-SemiboldItalic.otf"; path = "../../../../../../../Library/Fonts/SF-Compact-Text-SemiboldItalic.otf"; sourceTree = "<group>"; };
		4C66CC5D2B4DB238004D5FF3 /* SF-Pro-Rounded-Light.otf */ = {isa = PBXFileReference; lastKnownFileType = file; name = "SF-Pro-Rounded-Light.otf"; path = "../../../../../../../Library/Fonts/SF-Pro-Rounded-Light.otf"; sourceTree = "<group>"; };
		4C66CC5E2B4DB238004D5FF3 /* SF-Pro-Display-RegularItalic.otf */ = {isa = PBXFileReference; lastKnownFileType = file; name = "SF-Pro-Display-RegularItalic.otf"; path = "../../../../../../../Library/Fonts/SF-Pro-Display-RegularItalic.otf"; sourceTree = "<group>"; };
		4C66CC5F2B4DB238004D5FF3 /* SF-Pro-Italic.ttf */ = {isa = PBXFileReference; lastKnownFileType = file; name = "SF-Pro-Italic.ttf"; path = "../../../../../../../Library/Fonts/SF-Pro-Italic.ttf"; sourceTree = "<group>"; };
		4C66CC602B4DB238004D5FF3 /* SF-Compact-Display-Bold.otf */ = {isa = PBXFileReference; lastKnownFileType = file; name = "SF-Compact-Display-Bold.otf"; path = "../../../../../../../Library/Fonts/SF-Compact-Display-Bold.otf"; sourceTree = "<group>"; };
		4C66CC612B4DB238004D5FF3 /* SF-Pro-Text-Light.otf */ = {isa = PBXFileReference; lastKnownFileType = file; name = "SF-Pro-Text-Light.otf"; path = "../../../../../../../Library/Fonts/SF-Pro-Text-Light.otf"; sourceTree = "<group>"; };
		4C66CC622B4DB238004D5FF3 /* SF-Compact-Text-BlackItalic.otf */ = {isa = PBXFileReference; lastKnownFileType = file; name = "SF-Compact-Text-BlackItalic.otf"; path = "../../../../../../../Library/Fonts/SF-Compact-Text-BlackItalic.otf"; sourceTree = "<group>"; };
		4C66CC632B4DB238004D5FF3 /* SF-Compact-Display-Heavy.otf */ = {isa = PBXFileReference; lastKnownFileType = file; name = "SF-Compact-Display-Heavy.otf"; path = "../../../../../../../Library/Fonts/SF-Compact-Display-Heavy.otf"; sourceTree = "<group>"; };
		4C66CC642B4DB238004D5FF3 /* SF-Pro-Text-RegularItalic.otf */ = {isa = PBXFileReference; lastKnownFileType = file; name = "SF-Pro-Text-RegularItalic.otf"; path = "../../../../../../../Library/Fonts/SF-Pro-Text-RegularItalic.otf"; sourceTree = "<group>"; };
		4C66CC652B4DB238004D5FF3 /* SF-Compact-Rounded-Light.otf */ = {isa = PBXFileReference; lastKnownFileType = file; name = "SF-Compact-Rounded-Light.otf"; path = "../../../../../../../Library/Fonts/SF-Compact-Rounded-Light.otf"; sourceTree = "<group>"; };
		4C66CC662B4DB238004D5FF3 /* SF-Pro-Text-Medium.otf */ = {isa = PBXFileReference; lastKnownFileType = file; name = "SF-Pro-Text-Medium.otf"; path = "../../../../../../../Library/Fonts/SF-Pro-Text-Medium.otf"; sourceTree = "<group>"; };
		4C66CC672B4DB238004D5FF3 /* SF-Pro-Display-MediumItalic.otf */ = {isa = PBXFileReference; lastKnownFileType = file; name = "SF-Pro-Display-MediumItalic.otf"; path = "../../../../../../../Library/Fonts/SF-Pro-Display-MediumItalic.otf"; sourceTree = "<group>"; };
		4C66CC682B4DB238004D5FF3 /* SF-Compact-Text-Black.otf */ = {isa = PBXFileReference; lastKnownFileType = file; name = "SF-Compact-Text-Black.otf"; path = "../../../../../../../Library/Fonts/SF-Compact-Text-Black.otf"; sourceTree = "<group>"; };
		4C66CC692B4DB238004D5FF3 /* SF-Compact-Display-Black.otf */ = {isa = PBXFileReference; lastKnownFileType = file; name = "SF-Compact-Display-Black.otf"; path = "../../../../../../../Library/Fonts/SF-Compact-Display-Black.otf"; sourceTree = "<group>"; };
		4C66CC6A2B4DB238004D5FF3 /* SF-Compact-Text-MediumItalic.otf */ = {isa = PBXFileReference; lastKnownFileType = file; name = "SF-Compact-Text-MediumItalic.otf"; path = "../../../../../../../Library/Fonts/SF-Compact-Text-MediumItalic.otf"; sourceTree = "<group>"; };
		4C66CC6B2B4DB238004D5FF3 /* SF-Pro-Text-Bold.otf */ = {isa = PBXFileReference; lastKnownFileType = file; name = "SF-Pro-Text-Bold.otf"; path = "../../../../../../../Library/Fonts/SF-Pro-Text-Bold.otf"; sourceTree = "<group>"; };
		4C66CC6C2B4DB238004D5FF3 /* SF-Compact-Rounded-Regular.otf */ = {isa = PBXFileReference; lastKnownFileType = file; name = "SF-Compact-Rounded-Regular.otf"; path = "../../../../../../../Library/Fonts/SF-Compact-Rounded-Regular.otf"; sourceTree = "<group>"; };
		4C66CC6D2B4DB238004D5FF3 /* SF-Pro-Text-HeavyItalic.otf */ = {isa = PBXFileReference; lastKnownFileType = file; name = "SF-Pro-Text-HeavyItalic.otf"; path = "../../../../../../../Library/Fonts/SF-Pro-Text-HeavyItalic.otf"; sourceTree = "<group>"; };
		4C66CC6E2B4DB238004D5FF3 /* SF-Compact-Display-Semibold.otf */ = {isa = PBXFileReference; lastKnownFileType = file; name = "SF-Compact-Display-Semibold.otf"; path = "../../../../../../../Library/Fonts/SF-Compact-Display-Semibold.otf"; sourceTree = "<group>"; };
		4C66CC6F2B4DB238004D5FF3 /* SF-Pro.ttf */ = {isa = PBXFileReference; lastKnownFileType = file; name = "SF-Pro.ttf"; path = "../../../../../../../Library/Fonts/SF-Pro.ttf"; sourceTree = "<group>"; };
		4C66CC702B4DB238004D5FF3 /* SF-Compact-Rounded-Heavy.otf */ = {isa = PBXFileReference; lastKnownFileType = file; name = "SF-Compact-Rounded-Heavy.otf"; path = "../../../../../../../Library/Fonts/SF-Compact-Rounded-Heavy.otf"; sourceTree = "<group>"; };
		4C66CC712B4DB238004D5FF3 /* SF-Compact-Rounded-Medium.otf */ = {isa = PBXFileReference; lastKnownFileType = file; name = "SF-Compact-Rounded-Medium.otf"; path = "../../../../../../../Library/Fonts/SF-Compact-Rounded-Medium.otf"; sourceTree = "<group>"; };
		4C66CC722B4DB238004D5FF3 /* SF-Pro-Display-SemiboldItalic.otf */ = {isa = PBXFileReference; lastKnownFileType = file; name = "SF-Pro-Display-SemiboldItalic.otf"; path = "../../../../../../../Library/Fonts/SF-Pro-Display-SemiboldItalic.otf"; sourceTree = "<group>"; };
		4C66CC732B4DB238004D5FF3 /* SF-Pro-Text-Ultralight.otf */ = {isa = PBXFileReference; lastKnownFileType = file; name = "SF-Pro-Text-Ultralight.otf"; path = "../../../../../../../Library/Fonts/SF-Pro-Text-Ultralight.otf"; sourceTree = "<group>"; };
		4C66CC742B4DB238004D5FF3 /* SF-Pro-Display-Medium.otf */ = {isa = PBXFileReference; lastKnownFileType = file; name = "SF-Pro-Display-Medium.otf"; path = "../../../../../../../Library/Fonts/SF-Pro-Display-Medium.otf"; sourceTree = "<group>"; };
		4C66CC752B4DB238004D5FF3 /* SF-Pro-Display-Ultralight.otf */ = {isa = PBXFileReference; lastKnownFileType = file; name = "SF-Pro-Display-Ultralight.otf"; path = "../../../../../../../Library/Fonts/SF-Pro-Display-Ultralight.otf"; sourceTree = "<group>"; };
		4C66CC762B4DB238004D5FF3 /* SF-Pro-Rounded-Medium.otf */ = {isa = PBXFileReference; lastKnownFileType = file; name = "SF-Pro-Rounded-Medium.otf"; path = "../../../../../../../Library/Fonts/SF-Pro-Rounded-Medium.otf"; sourceTree = "<group>"; };
		4C66CC772B4DB238004D5FF3 /* SF-Pro-Rounded-Heavy.otf */ = {isa = PBXFileReference; lastKnownFileType = file; name = "SF-Pro-Rounded-Heavy.otf"; path = "../../../../../../../Library/Fonts/SF-Pro-Rounded-Heavy.otf"; sourceTree = "<group>"; };
		4C66CC782B4DB238004D5FF3 /* SF-Pro-Display-HeavyItalic.otf */ = {isa = PBXFileReference; lastKnownFileType = file; name = "SF-Pro-Display-HeavyItalic.otf"; path = "../../../../../../../Library/Fonts/SF-Pro-Display-HeavyItalic.otf"; sourceTree = "<group>"; };
		4C66CC792B4DB238004D5FF3 /* SF-Compact-Rounded-Black.otf */ = {isa = PBXFileReference; lastKnownFileType = file; name = "SF-Compact-Rounded-Black.otf"; path = "../../../../../../../Library/Fonts/SF-Compact-Rounded-Black.otf"; sourceTree = "<group>"; };
		4C66CC7A2B4DB238004D5FF3 /* SF-Pro-Text-MediumItalic.otf */ = {isa = PBXFileReference; lastKnownFileType = file; name = "SF-Pro-Text-MediumItalic.otf"; path = "../../../../../../../Library/Fonts/SF-Pro-Text-MediumItalic.otf"; sourceTree = "<group>"; };
		4C66CC7B2B4DB238004D5FF3 /* SF-Compact-Text-Medium.otf */ = {isa = PBXFileReference; lastKnownFileType = file; name = "SF-Compact-Text-Medium.otf"; path = "../../../../../../../Library/Fonts/SF-Compact-Text-Medium.otf"; sourceTree = "<group>"; };
/* End PBXFileReference section */

/* Begin PBXFrameworksBuildPhase section */
		4C66CC0C2B4DA2D5004D5FF3 /* Frameworks */ = {
			isa = PBXFrameworksBuildPhase;
			buildActionMask = 2147483647;
			files = (
			);
			runOnlyForDeploymentPostprocessing = 0;
		};
/* End PBXFrameworksBuildPhase section */

/* Begin PBXGroup section */
		4C66CC062B4DA2D5004D5FF3 = {
			isa = PBXGroup;
			children = (
				4C66CC112B4DA2D5004D5FF3 /* SplitBill */,
				4C66CC102B4DA2D5004D5FF3 /* Products */,
			);
			sourceTree = "<group>";
		};
		4C66CC102B4DA2D5004D5FF3 /* Products */ = {
			isa = PBXGroup;
			children = (
				4C66CC0F2B4DA2D5004D5FF3 /* SplitBill.app */,
			);
			name = Products;
			sourceTree = "<group>";
		};
		4C66CC112B4DA2D5004D5FF3 /* SplitBill */ = {
			isa = PBXGroup;
			children = (
				4C66CC262B4DB1B9004D5FF3 /* CustomFonts */,
				4C66CC122B4DA2D5004D5FF3 /* AppDelegate.swift */,
				4C66CC142B4DA2D5004D5FF3 /* SceneDelegate.swift */,
				4C66CC162B4DA2D5004D5FF3 /* ViewController.swift */,
				4C66CC182B4DA2D5004D5FF3 /* Main.storyboard */,
				4C66CC1B2B4DA2D6004D5FF3 /* Assets.xcassets */,
				4C66CC1D2B4DA2D6004D5FF3 /* LaunchScreen.storyboard */,
				4C66CC202B4DA2D6004D5FF3 /* Info.plist */,
			);
			path = SplitBill;
			sourceTree = "<group>";
		};
		4C66CC262B4DB1B9004D5FF3 /* CustomFonts */ = {
			isa = PBXGroup;
			children = (
				4C66CC692B4DB238004D5FF3 /* SF-Compact-Display-Black.otf */,
				4C66CC602B4DB238004D5FF3 /* SF-Compact-Display-Bold.otf */,
				4C66CC632B4DB238004D5FF3 /* SF-Compact-Display-Heavy.otf */,
				4C66CC362B4DB238004D5FF3 /* SF-Compact-Display-Light.otf */,
				4C66CC352B4DB238004D5FF3 /* SF-Compact-Display-Medium.otf */,
				4C66CC542B4DB238004D5FF3 /* SF-Compact-Display-Regular.otf */,
				4C66CC6E2B4DB238004D5FF3 /* SF-Compact-Display-Semibold.otf */,
				4C66CC592B4DB238004D5FF3 /* SF-Compact-Display-Thin.otf */,
				4C66CC312B4DB238004D5FF3 /* SF-Compact-Display-Ultralight.otf */,
				4C66CC2F2B4DB238004D5FF3 /* SF-Compact-Italic.ttf */,
				4C66CC792B4DB238004D5FF3 /* SF-Compact-Rounded-Black.otf */,
				4C66CC322B4DB238004D5FF3 /* SF-Compact-Rounded-Bold.otf */,
				4C66CC702B4DB238004D5FF3 /* SF-Compact-Rounded-Heavy.otf */,
				4C66CC652B4DB238004D5FF3 /* SF-Compact-Rounded-Light.otf */,
				4C66CC712B4DB238004D5FF3 /* SF-Compact-Rounded-Medium.otf */,
				4C66CC6C2B4DB238004D5FF3 /* SF-Compact-Rounded-Regular.otf */,
				4C66CC552B4DB238004D5FF3 /* SF-Compact-Rounded-Semibold.otf */,
				4C66CC4B2B4DB238004D5FF3 /* SF-Compact-Rounded-Thin.otf */,
				4C66CC342B4DB238004D5FF3 /* SF-Compact-Rounded-Ultralight.otf */,
				4C66CC682B4DB238004D5FF3 /* SF-Compact-Text-Black.otf */,
				4C66CC622B4DB238004D5FF3 /* SF-Compact-Text-BlackItalic.otf */,
				4C66CC532B4DB238004D5FF3 /* SF-Compact-Text-Bold.otf */,
				4C66CC282B4DB238004D5FF3 /* SF-Compact-Text-BoldItalic.otf */,
				4C66CC3C2B4DB238004D5FF3 /* SF-Compact-Text-Heavy.otf */,
				4C66CC3A2B4DB238004D5FF3 /* SF-Compact-Text-HeavyItalic.otf */,
				4C66CC2B2B4DB238004D5FF3 /* SF-Compact-Text-Light.otf */,
				4C66CC292B4DB238004D5FF3 /* SF-Compact-Text-LightItalic.otf */,
				4C66CC7B2B4DB238004D5FF3 /* SF-Compact-Text-Medium.otf */,
				4C66CC6A2B4DB238004D5FF3 /* SF-Compact-Text-MediumItalic.otf */,
				4C66CC3B2B4DB238004D5FF3 /* SF-Compact-Text-Regular.otf */,
				4C66CC332B4DB238004D5FF3 /* SF-Compact-Text-RegularItalic.otf */,
				4C66CC4E2B4DB238004D5FF3 /* SF-Compact-Text-Semibold.otf */,
				4C66CC5C2B4DB238004D5FF3 /* SF-Compact-Text-SemiboldItalic.otf */,
				4C66CC582B4DB238004D5FF3 /* SF-Compact-Text-Thin.otf */,
				4C66CC562B4DB238004D5FF3 /* SF-Compact-Text-ThinItalic.otf */,
				4C66CC2D2B4DB238004D5FF3 /* SF-Compact-Text-Ultralight.otf */,
				4C66CC2E2B4DB238004D5FF3 /* SF-Compact-Text-UltralightItalic.otf */,
				4C66CC462B4DB238004D5FF3 /* SF-Compact.ttf */,
				4C66CC572B4DB238004D5FF3 /* SF-Pro-Display-Black.otf */,
				4C66CC422B4DB238004D5FF3 /* SF-Pro-Display-BlackItalic.otf */,
				4C66CC3E2B4DB238004D5FF3 /* SF-Pro-Display-Bold.otf */,
				4C66CC412B4DB238004D5FF3 /* SF-Pro-Display-BoldItalic.otf */,
				4C66CC4C2B4DB238004D5FF3 /* SF-Pro-Display-Heavy.otf */,
				4C66CC782B4DB238004D5FF3 /* SF-Pro-Display-HeavyItalic.otf */,
				4C66CC4A2B4DB238004D5FF3 /* SF-Pro-Display-Light.otf */,
				4C66CC442B4DB238004D5FF3 /* SF-Pro-Display-LightItalic.otf */,
				4C66CC742B4DB238004D5FF3 /* SF-Pro-Display-Medium.otf */,
				4C66CC672B4DB238004D5FF3 /* SF-Pro-Display-MediumItalic.otf */,
				4C66CC2C2B4DB238004D5FF3 /* SF-Pro-Display-Regular.otf */,
				4C66CC5E2B4DB238004D5FF3 /* SF-Pro-Display-RegularItalic.otf */,
				4C66CC5B2B4DB238004D5FF3 /* SF-Pro-Display-Semibold.otf */,
				4C66CC722B4DB238004D5FF3 /* SF-Pro-Display-SemiboldItalic.otf */,
				4C66CC4F2B4DB238004D5FF3 /* SF-Pro-Display-Thin.otf */,
				4C66CC452B4DB238004D5FF3 /* SF-Pro-Display-ThinItalic.otf */,
				4C66CC752B4DB238004D5FF3 /* SF-Pro-Display-Ultralight.otf */,
				4C66CC3D2B4DB238004D5FF3 /* SF-Pro-Display-UltralightItalic.otf */,
				4C66CC5F2B4DB238004D5FF3 /* SF-Pro-Italic.ttf */,
				4C66CC472B4DB238004D5FF3 /* SF-Pro-Rounded-Black.otf */,
				4C66CC3F2B4DB238004D5FF3 /* SF-Pro-Rounded-Bold.otf */,
				4C66CC772B4DB238004D5FF3 /* SF-Pro-Rounded-Heavy.otf */,
				4C66CC5D2B4DB238004D5FF3 /* SF-Pro-Rounded-Light.otf */,
				4C66CC762B4DB238004D5FF3 /* SF-Pro-Rounded-Medium.otf */,
				4C66CC482B4DB238004D5FF3 /* SF-Pro-Rounded-Regular.otf */,
				4C66CC4D2B4DB238004D5FF3 /* SF-Pro-Rounded-Semibold.otf */,
				4C66CC512B4DB238004D5FF3 /* SF-Pro-Rounded-Thin.otf */,
				4C66CC522B4DB238004D5FF3 /* SF-Pro-Rounded-Ultralight.otf */,
				4C66CC392B4DB238004D5FF3 /* SF-Pro-Text-Black.otf */,
				4C66CC382B4DB238004D5FF3 /* SF-Pro-Text-BlackItalic.otf */,
				4C66CC6B2B4DB238004D5FF3 /* SF-Pro-Text-Bold.otf */,
				4C66CC372B4DB238004D5FF3 /* SF-Pro-Text-BoldItalic.otf */,
				4C66CC302B4DB238004D5FF3 /* SF-Pro-Text-Heavy.otf */,
				4C66CC6D2B4DB238004D5FF3 /* SF-Pro-Text-HeavyItalic.otf */,
				4C66CC612B4DB238004D5FF3 /* SF-Pro-Text-Light.otf */,
				4C66CC402B4DB238004D5FF3 /* SF-Pro-Text-LightItalic.otf */,
				4C66CC662B4DB238004D5FF3 /* SF-Pro-Text-Medium.otf */,
				4C66CC7A2B4DB238004D5FF3 /* SF-Pro-Text-MediumItalic.otf */,
				4C66CC5A2B4DB238004D5FF3 /* SF-Pro-Text-Regular.otf */,
				4C66CC642B4DB238004D5FF3 /* SF-Pro-Text-RegularItalic.otf */,
				4C66CC502B4DB238004D5FF3 /* SF-Pro-Text-Semibold.otf */,
				4C66CC2A2B4DB238004D5FF3 /* SF-Pro-Text-SemiboldItalic.otf */,
				4C66CC492B4DB238004D5FF3 /* SF-Pro-Text-Thin.otf */,
				4C66CC272B4DB238004D5FF3 /* SF-Pro-Text-ThinItalic.otf */,
				4C66CC732B4DB238004D5FF3 /* SF-Pro-Text-Ultralight.otf */,
				4C66CC432B4DB238004D5FF3 /* SF-Pro-Text-UltralightItalic.otf */,
				4C66CC6F2B4DB238004D5FF3 /* SF-Pro.ttf */,
			);
			path = CustomFonts;
			sourceTree = "<group>";
		};
/* End PBXGroup section */

/* Begin PBXNativeTarget section */
		4C66CC0E2B4DA2D5004D5FF3 /* SplitBill */ = {
			isa = PBXNativeTarget;
			buildConfigurationList = 4C66CC232B4DA2D6004D5FF3 /* Build configuration list for PBXNativeTarget "SplitBill" */;
			buildPhases = (
				4C66CC0B2B4DA2D5004D5FF3 /* Sources */,
				4C66CC0C2B4DA2D5004D5FF3 /* Frameworks */,
				4C66CC0D2B4DA2D5004D5FF3 /* Resources */,
			);
			buildRules = (
			);
			dependencies = (
			);
			name = SplitBill;
			productName = SplitBill;
			productReference = 4C66CC0F2B4DA2D5004D5FF3 /* SplitBill.app */;
			productType = "com.apple.product-type.application";
		};
/* End PBXNativeTarget section */

/* Begin PBXProject section */
		4C66CC072B4DA2D5004D5FF3 /* Project object */ = {
			isa = PBXProject;
			attributes = {
				BuildIndependentTargetsInParallel = 1;
				LastSwiftUpdateCheck = 1510;
				LastUpgradeCheck = 1510;
				TargetAttributes = {
					4C66CC0E2B4DA2D5004D5FF3 = {
						CreatedOnToolsVersion = 15.1;
					};
				};
			};
			buildConfigurationList = 4C66CC0A2B4DA2D5004D5FF3 /* Build configuration list for PBXProject "SplitBill" */;
			compatibilityVersion = "Xcode 14.0";
			developmentRegion = en;
			hasScannedForEncodings = 0;
			knownRegions = (
				en,
				Base,
			);
			mainGroup = 4C66CC062B4DA2D5004D5FF3;
			productRefGroup = 4C66CC102B4DA2D5004D5FF3 /* Products */;
			projectDirPath = "";
			projectRoot = "";
			targets = (
				4C66CC0E2B4DA2D5004D5FF3 /* SplitBill */,
			);
		};
/* End PBXProject section */

/* Begin PBXResourcesBuildPhase section */
		4C66CC0D2B4DA2D5004D5FF3 /* Resources */ = {
			isa = PBXResourcesBuildPhase;
			buildActionMask = 2147483647;
			files = (
				4C66CC1F2B4DA2D6004D5FF3 /* LaunchScreen.storyboard in Resources */,
				4C6ADD0E2B4E96F20087971C /* SF-Pro-Rounded-Bold.otf in Resources */,
				4C66CC1C2B4DA2D6004D5FF3 /* Assets.xcassets in Resources */,
				4C66CC1A2B4DA2D5004D5FF3 /* Main.storyboard in Resources */,
				4C6ADD0F2B4E96F90087971C /* SF-Pro.ttf in Resources */,
			);
			runOnlyForDeploymentPostprocessing = 0;
		};
/* End PBXResourcesBuildPhase section */

/* Begin PBXSourcesBuildPhase section */
		4C66CC0B2B4DA2D5004D5FF3 /* Sources */ = {
			isa = PBXSourcesBuildPhase;
			buildActionMask = 2147483647;
			files = (
				4C66CC172B4DA2D5004D5FF3 /* ViewController.swift in Sources */,
				4C66CC132B4DA2D5004D5FF3 /* AppDelegate.swift in Sources */,
				4C66CC152B4DA2D5004D5FF3 /* SceneDelegate.swift in Sources */,
			);
			runOnlyForDeploymentPostprocessing = 0;
		};
/* End PBXSourcesBuildPhase section */

/* Begin PBXVariantGroup section */
		4C66CC182B4DA2D5004D5FF3 /* Main.storyboard */ = {
			isa = PBXVariantGroup;
			children = (
				4C66CC192B4DA2D5004D5FF3 /* Base */,
			);
			name = Main.storyboard;
			sourceTree = "<group>";
		};
		4C66CC1D2B4DA2D6004D5FF3 /* LaunchScreen.storyboard */ = {
			isa = PBXVariantGroup;
			children = (
				4C66CC1E2B4DA2D6004D5FF3 /* Base */,
			);
			name = LaunchScreen.storyboard;
			sourceTree = "<group>";
		};
/* End PBXVariantGroup section */

/* Begin XCBuildConfiguration section */
		4C66CC212B4DA2D6004D5FF3 /* Debug */ = {
			isa = XCBuildConfiguration;
			buildSettings = {
				ALWAYS_SEARCH_USER_PATHS = NO;
				ASSETCATALOG_COMPILER_GENERATE_SWIFT_ASSET_SYMBOL_EXTENSIONS = YES;
				CLANG_ANALYZER_NONNULL = YES;
				CLANG_ANALYZER_NUMBER_OBJECT_CONVERSION = YES_AGGRESSIVE;
				CLANG_CXX_LANGUAGE_STANDARD = "gnu++20";
				CLANG_ENABLE_MODULES = YES;
				CLANG_ENABLE_OBJC_ARC = YES;
				CLANG_ENABLE_OBJC_WEAK = YES;
				CLANG_WARN_BLOCK_CAPTURE_AUTORELEASING = YES;
				CLANG_WARN_BOOL_CONVERSION = YES;
				CLANG_WARN_COMMA = YES;
				CLANG_WARN_CONSTANT_CONVERSION = YES;
				CLANG_WARN_DEPRECATED_OBJC_IMPLEMENTATIONS = YES;
				CLANG_WARN_DIRECT_OBJC_ISA_USAGE = YES_ERROR;
				CLANG_WARN_DOCUMENTATION_COMMENTS = YES;
				CLANG_WARN_EMPTY_BODY = YES;
				CLANG_WARN_ENUM_CONVERSION = YES;
				CLANG_WARN_INFINITE_RECURSION = YES;
				CLANG_WARN_INT_CONVERSION = YES;
				CLANG_WARN_NON_LITERAL_NULL_CONVERSION = YES;
				CLANG_WARN_OBJC_IMPLICIT_RETAIN_SELF = YES;
				CLANG_WARN_OBJC_LITERAL_CONVERSION = YES;
				CLANG_WARN_OBJC_ROOT_CLASS = YES_ERROR;
				CLANG_WARN_QUOTED_INCLUDE_IN_FRAMEWORK_HEADER = YES;
				CLANG_WARN_RANGE_LOOP_ANALYSIS = YES;
				CLANG_WARN_STRICT_PROTOTYPES = YES;
				CLANG_WARN_SUSPICIOUS_MOVE = YES;
				CLANG_WARN_UNGUARDED_AVAILABILITY = YES_AGGRESSIVE;
				CLANG_WARN_UNREACHABLE_CODE = YES;
				CLANG_WARN__DUPLICATE_METHOD_MATCH = YES;
				COPY_PHASE_STRIP = NO;
				DEBUG_INFORMATION_FORMAT = dwarf;
				ENABLE_STRICT_OBJC_MSGSEND = YES;
				ENABLE_TESTABILITY = YES;
				ENABLE_USER_SCRIPT_SANDBOXING = YES;
				GCC_C_LANGUAGE_STANDARD = gnu17;
				GCC_DYNAMIC_NO_PIC = NO;
				GCC_NO_COMMON_BLOCKS = YES;
				GCC_OPTIMIZATION_LEVEL = 0;
				GCC_PREPROCESSOR_DEFINITIONS = (
					"DEBUG=1",
					"$(inherited)",
				);
				GCC_WARN_64_TO_32_BIT_CONVERSION = YES;
				GCC_WARN_ABOUT_RETURN_TYPE = YES_ERROR;
				GCC_WARN_UNDECLARED_SELECTOR = YES;
				GCC_WARN_UNINITIALIZED_AUTOS = YES_AGGRESSIVE;
				GCC_WARN_UNUSED_FUNCTION = YES;
				GCC_WARN_UNUSED_VARIABLE = YES;
				IPHONEOS_DEPLOYMENT_TARGET = 17.2;
				LOCALIZATION_PREFERS_STRING_CATALOGS = YES;
				MTL_ENABLE_DEBUG_INFO = INCLUDE_SOURCE;
				MTL_FAST_MATH = YES;
				ONLY_ACTIVE_ARCH = YES;
				SDKROOT = iphoneos;
				SWIFT_ACTIVE_COMPILATION_CONDITIONS = "DEBUG $(inherited)";
				SWIFT_OPTIMIZATION_LEVEL = "-Onone";
			};
			name = Debug;
		};
		4C66CC222B4DA2D6004D5FF3 /* Release */ = {
			isa = XCBuildConfiguration;
			buildSettings = {
				ALWAYS_SEARCH_USER_PATHS = NO;
				ASSETCATALOG_COMPILER_GENERATE_SWIFT_ASSET_SYMBOL_EXTENSIONS = YES;
				CLANG_ANALYZER_NONNULL = YES;
				CLANG_ANALYZER_NUMBER_OBJECT_CONVERSION = YES_AGGRESSIVE;
				CLANG_CXX_LANGUAGE_STANDARD = "gnu++20";
				CLANG_ENABLE_MODULES = YES;
				CLANG_ENABLE_OBJC_ARC = YES;
				CLANG_ENABLE_OBJC_WEAK = YES;
				CLANG_WARN_BLOCK_CAPTURE_AUTORELEASING = YES;
				CLANG_WARN_BOOL_CONVERSION = YES;
				CLANG_WARN_COMMA = YES;
				CLANG_WARN_CONSTANT_CONVERSION = YES;
				CLANG_WARN_DEPRECATED_OBJC_IMPLEMENTATIONS = YES;
				CLANG_WARN_DIRECT_OBJC_ISA_USAGE = YES_ERROR;
				CLANG_WARN_DOCUMENTATION_COMMENTS = YES;
				CLANG_WARN_EMPTY_BODY = YES;
				CLANG_WARN_ENUM_CONVERSION = YES;
				CLANG_WARN_INFINITE_RECURSION = YES;
				CLANG_WARN_INT_CONVERSION = YES;
				CLANG_WARN_NON_LITERAL_NULL_CONVERSION = YES;
				CLANG_WARN_OBJC_IMPLICIT_RETAIN_SELF = YES;
				CLANG_WARN_OBJC_LITERAL_CONVERSION = YES;
				CLANG_WARN_OBJC_ROOT_CLASS = YES_ERROR;
				CLANG_WARN_QUOTED_INCLUDE_IN_FRAMEWORK_HEADER = YES;
				CLANG_WARN_RANGE_LOOP_ANALYSIS = YES;
				CLANG_WARN_STRICT_PROTOTYPES = YES;
				CLANG_WARN_SUSPICIOUS_MOVE = YES;
				CLANG_WARN_UNGUARDED_AVAILABILITY = YES_AGGRESSIVE;
				CLANG_WARN_UNREACHABLE_CODE = YES;
				CLANG_WARN__DUPLICATE_METHOD_MATCH = YES;
				COPY_PHASE_STRIP = NO;
				DEBUG_INFORMATION_FORMAT = "dwarf-with-dsym";
				ENABLE_NS_ASSERTIONS = NO;
				ENABLE_STRICT_OBJC_MSGSEND = YES;
				ENABLE_USER_SCRIPT_SANDBOXING = YES;
				GCC_C_LANGUAGE_STANDARD = gnu17;
				GCC_NO_COMMON_BLOCKS = YES;
				GCC_WARN_64_TO_32_BIT_CONVERSION = YES;
				GCC_WARN_ABOUT_RETURN_TYPE = YES_ERROR;
				GCC_WARN_UNDECLARED_SELECTOR = YES;
				GCC_WARN_UNINITIALIZED_AUTOS = YES_AGGRESSIVE;
				GCC_WARN_UNUSED_FUNCTION = YES;
				GCC_WARN_UNUSED_VARIABLE = YES;
				IPHONEOS_DEPLOYMENT_TARGET = 17.2;
				LOCALIZATION_PREFERS_STRING_CATALOGS = YES;
				MTL_ENABLE_DEBUG_INFO = NO;
				MTL_FAST_MATH = YES;
				SDKROOT = iphoneos;
				SWIFT_COMPILATION_MODE = wholemodule;
				VALIDATE_PRODUCT = YES;
			};
			name = Release;
		};
		4C66CC242B4DA2D6004D5FF3 /* Debug */ = {
			isa = XCBuildConfiguration;
			buildSettings = {
				ASSETCATALOG_COMPILER_APPICON_NAME = AppIcon;
				ASSETCATALOG_COMPILER_GLOBAL_ACCENT_COLOR_NAME = AccentColor;
				CODE_SIGN_STYLE = Automatic;
				CURRENT_PROJECT_VERSION = 1;
				DEVELOPMENT_TEAM = DD442UJ7UA;
				GENERATE_INFOPLIST_FILE = YES;
				INFOPLIST_FILE = SplitBill/Info.plist;
				INFOPLIST_KEY_UIApplicationSupportsIndirectInputEvents = YES;
				INFOPLIST_KEY_UILaunchStoryboardName = LaunchScreen;
				INFOPLIST_KEY_UIMainStoryboardFile = Main;
				INFOPLIST_KEY_UISupportedInterfaceOrientations_iPad = "UIInterfaceOrientationPortrait UIInterfaceOrientationPortraitUpsideDown UIInterfaceOrientationLandscapeLeft UIInterfaceOrientationLandscapeRight";
				INFOPLIST_KEY_UISupportedInterfaceOrientations_iPhone = "UIInterfaceOrientationPortrait UIInterfaceOrientationLandscapeLeft UIInterfaceOrientationLandscapeRight";
				LD_RUNPATH_SEARCH_PATHS = (
					"$(inherited)",
					"@executable_path/Frameworks",
				);
				MARKETING_VERSION = 1.0;
				PRODUCT_BUNDLE_IDENTIFIER = majkel.SplitBill;
				PRODUCT_NAME = "$(TARGET_NAME)";
				SUPPORTED_PLATFORMS = "iphoneos iphonesimulator";
				SUPPORTS_MACCATALYST = NO;
				SWIFT_EMIT_LOC_STRINGS = YES;
				SWIFT_VERSION = 5.0;
				TARGETED_DEVICE_FAMILY = 1;
			};
			name = Debug;
		};
		4C66CC252B4DA2D6004D5FF3 /* Release */ = {
			isa = XCBuildConfiguration;
			buildSettings = {
				ASSETCATALOG_COMPILER_APPICON_NAME = AppIcon;
				ASSETCATALOG_COMPILER_GLOBAL_ACCENT_COLOR_NAME = AccentColor;
				CODE_SIGN_STYLE = Automatic;
				CURRENT_PROJECT_VERSION = 1;
				DEVELOPMENT_TEAM = DD442UJ7UA;
				GENERATE_INFOPLIST_FILE = YES;
				INFOPLIST_FILE = SplitBill/Info.plist;
				INFOPLIST_KEY_UIApplicationSupportsIndirectInputEvents = YES;
				INFOPLIST_KEY_UILaunchStoryboardName = LaunchScreen;
				INFOPLIST_KEY_UIMainStoryboardFile = Main;
				INFOPLIST_KEY_UISupportedInterfaceOrientations_iPad = "UIInterfaceOrientationPortrait UIInterfaceOrientationPortraitUpsideDown UIInterfaceOrientationLandscapeLeft UIInterfaceOrientationLandscapeRight";
				INFOPLIST_KEY_UISupportedInterfaceOrientations_iPhone = "UIInterfaceOrientationPortrait UIInterfaceOrientationLandscapeLeft UIInterfaceOrientationLandscapeRight";
				LD_RUNPATH_SEARCH_PATHS = (
					"$(inherited)",
					"@executable_path/Frameworks",
				);
				MARKETING_VERSION = 1.0;
				PRODUCT_BUNDLE_IDENTIFIER = majkel.SplitBill;
				PRODUCT_NAME = "$(TARGET_NAME)";
				SUPPORTED_PLATFORMS = "iphoneos iphonesimulator";
				SUPPORTS_MACCATALYST = NO;
				SWIFT_EMIT_LOC_STRINGS = YES;
				SWIFT_VERSION = 5.0;
				TARGETED_DEVICE_FAMILY = 1;
			};
			name = Release;
		};
/* End XCBuildConfiguration section */

/* Begin XCConfigurationList section */
		4C66CC0A2B4DA2D5004D5FF3 /* Build configuration list for PBXProject "SplitBill" */ = {
			isa = XCConfigurationList;
			buildConfigurations = (
				4C66CC212B4DA2D6004D5FF3 /* Debug */,
				4C66CC222B4DA2D6004D5FF3 /* Release */,
			);
			defaultConfigurationIsVisible = 0;
			defaultConfigurationName = Release;
		};
		4C66CC232B4DA2D6004D5FF3 /* Build configuration list for PBXNativeTarget "SplitBill" */ = {
			isa = XCConfigurationList;
			buildConfigurations = (
				4C66CC242B4DA2D6004D5FF3 /* Debug */,
				4C66CC252B4DA2D6004D5FF3 /* Release */,
			);
			defaultConfigurationIsVisible = 0;
			defaultConfigurationName = Release;
		};
/* End XCConfigurationList section */
	};
	rootObject = 4C66CC072B4DA2D5004D5FF3 /* Project object */;
}
